// !$*UTF8*$!
{
	archiveVersion = 1;
	classes = {
	};
	objectVersion = 56;
	objects = {

/* Begin PBXBuildFile section */
		DF52E1762C47A2C400F33926 /* ExchangeRateCalculatorApp.swift in Sources */ = {isa = PBXBuildFile; fileRef = DF52E1752C47A2C400F33926 /* ExchangeRateCalculatorApp.swift */; };
		DF52E1782C47A2C400F33926 /* ContentView.swift in Sources */ = {isa = PBXBuildFile; fileRef = DF52E1772C47A2C400F33926 /* ContentView.swift */; };
		DF52E17A2C47A2C500F33926 /* Assets.xcassets in Resources */ = {isa = PBXBuildFile; fileRef = DF52E1792C47A2C500F33926 /* Assets.xcassets */; };
		DF52E1872C47A2C500F33926 /* ExchangeRateCalculatorTests.swift in Sources */ = {isa = PBXBuildFile; fileRef = DF52E1862C47A2C500F33926 /* ExchangeRateCalculatorTests.swift */; };
		DF52E1912C47A2C500F33926 /* ExchangeRateCalculatorUITests.swift in Sources */ = {isa = PBXBuildFile; fileRef = DF52E1902C47A2C500F33926 /* ExchangeRateCalculatorUITests.swift */; };
		DF52E1932C47A2C500F33926 /* ExchangeRateCalculatorUITestsLaunchTests.swift in Sources */ = {isa = PBXBuildFile; fileRef = DF52E1922C47A2C500F33926 /* ExchangeRateCalculatorUITestsLaunchTests.swift */; };
		DF54DC762C47C0E500A3FA1B /* HomeView.swift in Sources */ = {isa = PBXBuildFile; fileRef = DF54DC752C47C0E500A3FA1B /* HomeView.swift */; };
		DF54DC782C47C0FE00A3FA1B /* CalculationView.swift in Sources */ = {isa = PBXBuildFile; fileRef = DF54DC772C47C0FE00A3FA1B /* CalculationView.swift */; };
		DF54DC7A2C47C10D00A3FA1B /* RecordView.swift in Sources */ = {isa = PBXBuildFile; fileRef = DF54DC792C47C10D00A3FA1B /* RecordView.swift */; };
		DF54DCB42C56789800A3FA1B /* MapView.swift in Sources */ = {isa = PBXBuildFile; fileRef = DF54DCB32C56789800A3FA1B /* MapView.swift */; };
		DF54DCF02C62432400A3FA1B /* MapDetailView.swift in Sources */ = {isa = PBXBuildFile; fileRef = DF54DCEF2C62432400A3FA1B /* MapDetailView.swift */; };
		DF54DCF22C62444500A3FA1B /* Model.swift in Sources */ = {isa = PBXBuildFile; fileRef = DF54DCF12C62444500A3FA1B /* Model.swift */; };
/* End PBXBuildFile section */

/* Begin PBXContainerItemProxy section */
		DF52E1832C47A2C500F33926 /* PBXContainerItemProxy */ = {
			isa = PBXContainerItemProxy;
			containerPortal = DF52E16A2C47A2C400F33926 /* Project object */;
			proxyType = 1;
			remoteGlobalIDString = DF52E1712C47A2C400F33926;
			remoteInfo = ExchangeRateCalculator;
		};
		DF52E18D2C47A2C500F33926 /* PBXContainerItemProxy */ = {
			isa = PBXContainerItemProxy;
			containerPortal = DF52E16A2C47A2C400F33926 /* Project object */;
			proxyType = 1;
			remoteGlobalIDString = DF52E1712C47A2C400F33926;
			remoteInfo = ExchangeRateCalculator;
		};
/* End PBXContainerItemProxy section */

/* Begin PBXFileReference section */
		DF52E1722C47A2C400F33926 /* ExchangeRateCalculator.app */ = {isa = PBXFileReference; explicitFileType = wrapper.application; includeInIndex = 0; path = ExchangeRateCalculator.app; sourceTree = BUILT_PRODUCTS_DIR; };
		DF52E1752C47A2C400F33926 /* ExchangeRateCalculatorApp.swift */ = {isa = PBXFileReference; lastKnownFileType = sourcecode.swift; path = ExchangeRateCalculatorApp.swift; sourceTree = "<group>"; };
		DF52E1772C47A2C400F33926 /* ContentView.swift */ = {isa = PBXFileReference; lastKnownFileType = sourcecode.swift; path = ContentView.swift; sourceTree = "<group>"; };
		DF52E1792C47A2C500F33926 /* Assets.xcassets */ = {isa = PBXFileReference; lastKnownFileType = folder.assetcatalog; path = Assets.xcassets; sourceTree = "<group>"; };
		DF52E1822C47A2C500F33926 /* ExchangeRateCalculatorTests.xctest */ = {isa = PBXFileReference; explicitFileType = wrapper.cfbundle; includeInIndex = 0; path = ExchangeRateCalculatorTests.xctest; sourceTree = BUILT_PRODUCTS_DIR; };
		DF52E1862C47A2C500F33926 /* ExchangeRateCalculatorTests.swift */ = {isa = PBXFileReference; lastKnownFileType = sourcecode.swift; path = ExchangeRateCalculatorTests.swift; sourceTree = "<group>"; };
		DF52E18C2C47A2C500F33926 /* ExchangeRateCalculatorUITests.xctest */ = {isa = PBXFileReference; explicitFileType = wrapper.cfbundle; includeInIndex = 0; path = ExchangeRateCalculatorUITests.xctest; sourceTree = BUILT_PRODUCTS_DIR; };
		DF52E1902C47A2C500F33926 /* ExchangeRateCalculatorUITests.swift */ = {isa = PBXFileReference; lastKnownFileType = sourcecode.swift; path = ExchangeRateCalculatorUITests.swift; sourceTree = "<group>"; };
		DF52E1922C47A2C500F33926 /* ExchangeRateCalculatorUITestsLaunchTests.swift */ = {isa = PBXFileReference; lastKnownFileType = sourcecode.swift; path = ExchangeRateCalculatorUITestsLaunchTests.swift; sourceTree = "<group>"; };
		DF54DC752C47C0E500A3FA1B /* HomeView.swift */ = {isa = PBXFileReference; lastKnownFileType = sourcecode.swift; path = HomeView.swift; sourceTree = "<group>"; };
		DF54DC772C47C0FE00A3FA1B /* CalculationView.swift */ = {isa = PBXFileReference; lastKnownFileType = sourcecode.swift; path = CalculationView.swift; sourceTree = "<group>"; };
		DF54DC792C47C10D00A3FA1B /* RecordView.swift */ = {isa = PBXFileReference; lastKnownFileType = sourcecode.swift; path = RecordView.swift; sourceTree = "<group>"; };
		DF54DCB32C56789800A3FA1B /* MapView.swift */ = {isa = PBXFileReference; lastKnownFileType = sourcecode.swift; path = MapView.swift; sourceTree = "<group>"; };
		DF54DCEF2C62432400A3FA1B /* MapDetailView.swift */ = {isa = PBXFileReference; lastKnownFileType = sourcecode.swift; path = MapDetailView.swift; sourceTree = "<group>"; };
		DF54DCF12C62444500A3FA1B /* Model.swift */ = {isa = PBXFileReference; lastKnownFileType = sourcecode.swift; path = Model.swift; sourceTree = "<group>"; };
/* End PBXFileReference section */

/* Begin PBXFrameworksBuildPhase section */
		DF52E16F2C47A2C400F33926 /* Frameworks */ = {
			isa = PBXFrameworksBuildPhase;
			buildActionMask = 2147483647;
			files = (
			);
			runOnlyForDeploymentPostprocessing = 0;
		};
		DF52E17F2C47A2C500F33926 /* Frameworks */ = {
			isa = PBXFrameworksBuildPhase;
			buildActionMask = 2147483647;
			files = (
			);
			runOnlyForDeploymentPostprocessing = 0;
		};
		DF52E1892C47A2C500F33926 /* Frameworks */ = {
			isa = PBXFrameworksBuildPhase;
			buildActionMask = 2147483647;
			files = (
			);
			runOnlyForDeploymentPostprocessing = 0;
		};
/* End PBXFrameworksBuildPhase section */

/* Begin PBXGroup section */
		DF52E1692C47A2C400F33926 = {
			isa = PBXGroup;
			children = (
				DF52E1742C47A2C400F33926 /* ExchangeRateCalculator */,
				DF52E1852C47A2C500F33926 /* ExchangeRateCalculatorTests */,
				DF52E18F2C47A2C500F33926 /* ExchangeRateCalculatorUITests */,
				DF52E1732C47A2C400F33926 /* Products */,
			);
			sourceTree = "<group>";
		};
		DF52E1732C47A2C400F33926 /* Products */ = {
			isa = PBXGroup;
			children = (
				DF52E1722C47A2C400F33926 /* ExchangeRateCalculator.app */,
				DF52E1822C47A2C500F33926 /* ExchangeRateCalculatorTests.xctest */,
				DF52E18C2C47A2C500F33926 /* ExchangeRateCalculatorUITests.xctest */,
			);
			name = Products;
			sourceTree = "<group>";
		};
		DF52E1742C47A2C400F33926 /* ExchangeRateCalculator */ = {
			isa = PBXGroup;
			children = (
				DF52E1752C47A2C400F33926 /* ExchangeRateCalculatorApp.swift */,
				DF52E1792C47A2C500F33926 /* Assets.xcassets */,
				DF52E1772C47A2C400F33926 /* ContentView.swift */,
				DF54DC752C47C0E500A3FA1B /* HomeView.swift */,
				DF54DCB32C56789800A3FA1B /* MapView.swift */,
				DF54DCEF2C62432400A3FA1B /* MapDetailView.swift */,
				DF54DC772C47C0FE00A3FA1B /* CalculationView.swift */,
				DF54DC792C47C10D00A3FA1B /* RecordView.swift */,
				DF54DCF12C62444500A3FA1B /* Model.swift */,
			);
			path = ExchangeRateCalculator;
			sourceTree = "<group>";
		};
		DF52E1852C47A2C500F33926 /* ExchangeRateCalculatorTests */ = {
			isa = PBXGroup;
			children = (
				DF52E1862C47A2C500F33926 /* ExchangeRateCalculatorTests.swift */,
			);
			path = ExchangeRateCalculatorTests;
			sourceTree = "<group>";
		};
		DF52E18F2C47A2C500F33926 /* ExchangeRateCalculatorUITests */ = {
			isa = PBXGroup;
			children = (
				DF52E1902C47A2C500F33926 /* ExchangeRateCalculatorUITests.swift */,
				DF52E1922C47A2C500F33926 /* ExchangeRateCalculatorUITestsLaunchTests.swift */,
			);
			path = ExchangeRateCalculatorUITests;
			sourceTree = "<group>";
		};
/* End PBXGroup section */

/* Begin PBXNativeTarget section */
		DF52E1712C47A2C400F33926 /* ExchangeRateCalculator */ = {
			isa = PBXNativeTarget;
			buildConfigurationList = DF52E1962C47A2C500F33926 /* Build configuration list for PBXNativeTarget "ExchangeRateCalculator" */;
			buildPhases = (
				DF52E16E2C47A2C400F33926 /* Sources */,
				DF52E16F2C47A2C400F33926 /* Frameworks */,
				DF52E1702C47A2C400F33926 /* Resources */,
			);
			buildRules = (
			);
			dependencies = (
			);
			name = ExchangeRateCalculator;
			productName = ExchangeRateCalculator;
			productReference = DF52E1722C47A2C400F33926 /* ExchangeRateCalculator.app */;
			productType = "com.apple.product-type.application";
		};
		DF52E1812C47A2C500F33926 /* ExchangeRateCalculatorTests */ = {
			isa = PBXNativeTarget;
			buildConfigurationList = DF52E1992C47A2C500F33926 /* Build configuration list for PBXNativeTarget "ExchangeRateCalculatorTests" */;
			buildPhases = (
				DF52E17E2C47A2C500F33926 /* Sources */,
				DF52E17F2C47A2C500F33926 /* Frameworks */,
				DF52E1802C47A2C500F33926 /* Resources */,
			);
			buildRules = (
			);
			dependencies = (
				DF52E1842C47A2C500F33926 /* PBXTargetDependency */,
			);
			name = ExchangeRateCalculatorTests;
			productName = ExchangeRateCalculatorTests;
			productReference = DF52E1822C47A2C500F33926 /* ExchangeRateCalculatorTests.xctest */;
			productType = "com.apple.product-type.bundle.unit-test";
		};
		DF52E18B2C47A2C500F33926 /* ExchangeRateCalculatorUITests */ = {
			isa = PBXNativeTarget;
			buildConfigurationList = DF52E19C2C47A2C500F33926 /* Build configuration list for PBXNativeTarget "ExchangeRateCalculatorUITests" */;
			buildPhases = (
				DF52E1882C47A2C500F33926 /* Sources */,
				DF52E1892C47A2C500F33926 /* Frameworks */,
				DF52E18A2C47A2C500F33926 /* Resources */,
			);
			buildRules = (
			);
			dependencies = (
				DF52E18E2C47A2C500F33926 /* PBXTargetDependency */,
			);
			name = ExchangeRateCalculatorUITests;
			productName = ExchangeRateCalculatorUITests;
			productReference = DF52E18C2C47A2C500F33926 /* ExchangeRateCalculatorUITests.xctest */;
			productType = "com.apple.product-type.bundle.ui-testing";
		};
/* End PBXNativeTarget section */

/* Begin PBXProject section */
		DF52E16A2C47A2C400F33926 /* Project object */ = {
			isa = PBXProject;
			attributes = {
				BuildIndependentTargetsInParallel = 1;
				LastSwiftUpdateCheck = 1540;
				LastUpgradeCheck = 1540;
				TargetAttributes = {
					DF52E1712C47A2C400F33926 = {
						CreatedOnToolsVersion = 15.4;
					};
					DF52E1812C47A2C500F33926 = {
						CreatedOnToolsVersion = 15.4;
						TestTargetID = DF52E1712C47A2C400F33926;
					};
					DF52E18B2C47A2C500F33926 = {
						CreatedOnToolsVersion = 15.4;
						TestTargetID = DF52E1712C47A2C400F33926;
					};
				};
			};
			buildConfigurationList = DF52E16D2C47A2C400F33926 /* Build configuration list for PBXProject "ExchangeRateCalculator" */;
			compatibilityVersion = "Xcode 14.0";
			developmentRegion = en;
			hasScannedForEncodings = 0;
			knownRegions = (
				en,
				Base,
			);
			mainGroup = DF52E1692C47A2C400F33926;
			productRefGroup = DF52E1732C47A2C400F33926 /* Products */;
			projectDirPath = "";
			projectRoot = "";
			targets = (
				DF52E1712C47A2C400F33926 /* ExchangeRateCalculator */,
				DF52E1812C47A2C500F33926 /* ExchangeRateCalculatorTests */,
				DF52E18B2C47A2C500F33926 /* ExchangeRateCalculatorUITests */,
			);
		};
/* End PBXProject section */

/* Begin PBXResourcesBuildPhase section */
		DF52E1702C47A2C400F33926 /* Resources */ = {
			isa = PBXResourcesBuildPhase;
			buildActionMask = 2147483647;
			files = (
				DF52E17A2C47A2C500F33926 /* Assets.xcassets in Resources */,
			);
			runOnlyForDeploymentPostprocessing = 0;
		};
		DF52E1802C47A2C500F33926 /* Resources */ = {
			isa = PBXResourcesBuildPhase;
			buildActionMask = 2147483647;
			files = (
			);
			runOnlyForDeploymentPostprocessing = 0;
		};
		DF52E18A2C47A2C500F33926 /* Resources */ = {
			isa = PBXResourcesBuildPhase;
			buildActionMask = 2147483647;
			files = (
			);
			runOnlyForDeploymentPostprocessing = 0;
		};
/* End PBXResourcesBuildPhase section */

/* Begin PBXSourcesBuildPhase section */
		DF52E16E2C47A2C400F33926 /* Sources */ = {
			isa = PBXSourcesBuildPhase;
			buildActionMask = 2147483647;
			files = (
				DF54DC762C47C0E500A3FA1B /* HomeView.swift in Sources */,
				DF54DCB42C56789800A3FA1B /* MapView.swift in Sources */,
				DF52E1782C47A2C400F33926 /* ContentView.swift in Sources */,
				DF54DC782C47C0FE00A3FA1B /* CalculationView.swift in Sources */,
				DF54DC7A2C47C10D00A3FA1B /* RecordView.swift in Sources */,
				DF54DCF02C62432400A3FA1B /* MapDetailView.swift in Sources */,
				DF52E1762C47A2C400F33926 /* ExchangeRateCalculatorApp.swift in Sources */,
				DF54DCF22C62444500A3FA1B /* Model.swift in Sources */,
			);
			runOnlyForDeploymentPostprocessing = 0;
		};
		DF52E17E2C47A2C500F33926 /* Sources */ = {
			isa = PBXSourcesBuildPhase;
			buildActionMask = 2147483647;
			files = (
				DF52E1872C47A2C500F33926 /* ExchangeRateCalculatorTests.swift in Sources */,
			);
			runOnlyForDeploymentPostprocessing = 0;
		};
		DF52E1882C47A2C500F33926 /* Sources */ = {
			isa = PBXSourcesBuildPhase;
			buildActionMask = 2147483647;
			files = (
				DF52E1912C47A2C500F33926 /* ExchangeRateCalculatorUITests.swift in Sources */,
				DF52E1932C47A2C500F33926 /* ExchangeRateCalculatorUITestsLaunchTests.swift in Sources */,
			);
			runOnlyForDeploymentPostprocessing = 0;
		};
/* End PBXSourcesBuildPhase section */

/* Begin PBXTargetDependency section */
		DF52E1842C47A2C500F33926 /* PBXTargetDependency */ = {
			isa = PBXTargetDependency;
			target = DF52E1712C47A2C400F33926 /* ExchangeRateCalculator */;
			targetProxy = DF52E1832C47A2C500F33926 /* PBXContainerItemProxy */;
		};
		DF52E18E2C47A2C500F33926 /* PBXTargetDependency */ = {
			isa = PBXTargetDependency;
			target = DF52E1712C47A2C400F33926 /* ExchangeRateCalculator */;
			targetProxy = DF52E18D2C47A2C500F33926 /* PBXContainerItemProxy */;
		};
/* End PBXTargetDependency section */

/* Begin XCBuildConfiguration section */
		DF52E1942C47A2C500F33926 /* Debug */ = {
			isa = XCBuildConfiguration;
			buildSettings = {
				ALWAYS_SEARCH_USER_PATHS = NO;
				ASSETCATALOG_COMPILER_GENERATE_SWIFT_ASSET_SYMBOL_EXTENSIONS = YES;
				CLANG_ANALYZER_NONNULL = YES;
				CLANG_ANALYZER_NUMBER_OBJECT_CONVERSION = YES_AGGRESSIVE;
				CLANG_CXX_LANGUAGE_STANDARD = "gnu++20";
				CLANG_ENABLE_MODULES = YES;
				CLANG_ENABLE_OBJC_ARC = YES;
				CLANG_ENABLE_OBJC_WEAK = YES;
				CLANG_WARN_BLOCK_CAPTURE_AUTORELEASING = YES;
				CLANG_WARN_BOOL_CONVERSION = YES;
				CLANG_WARN_COMMA = YES;
				CLANG_WARN_CONSTANT_CONVERSION = YES;
				CLANG_WARN_DEPRECATED_OBJC_IMPLEMENTATIONS = YES;
				CLANG_WARN_DIRECT_OBJC_ISA_USAGE = YES_ERROR;
				CLANG_WARN_DOCUMENTATION_COMMENTS = YES;
				CLANG_WARN_EMPTY_BODY = YES;
				CLANG_WARN_ENUM_CONVERSION = YES;
				CLANG_WARN_INFINITE_RECURSION = YES;
				CLANG_WARN_INT_CONVERSION = YES;
				CLANG_WARN_NON_LITERAL_NULL_CONVERSION = YES;
				CLANG_WARN_OBJC_IMPLICIT_RETAIN_SELF = YES;
				CLANG_WARN_OBJC_LITERAL_CONVERSION = YES;
				CLANG_WARN_OBJC_ROOT_CLASS = YES_ERROR;
				CLANG_WARN_QUOTED_INCLUDE_IN_FRAMEWORK_HEADER = YES;
				CLANG_WARN_RANGE_LOOP_ANALYSIS = YES;
				CLANG_WARN_STRICT_PROTOTYPES = YES;
				CLANG_WARN_SUSPICIOUS_MOVE = YES;
				CLANG_WARN_UNGUARDED_AVAILABILITY = YES_AGGRESSIVE;
				CLANG_WARN_UNREACHABLE_CODE = YES;
				CLANG_WARN__DUPLICATE_METHOD_MATCH = YES;
				COPY_PHASE_STRIP = NO;
				DEBUG_INFORMATION_FORMAT = dwarf;
				ENABLE_STRICT_OBJC_MSGSEND = YES;
				ENABLE_TESTABILITY = YES;
				ENABLE_USER_SCRIPT_SANDBOXING = YES;
				GCC_C_LANGUAGE_STANDARD = gnu17;
				GCC_DYNAMIC_NO_PIC = NO;
				GCC_NO_COMMON_BLOCKS = YES;
				GCC_OPTIMIZATION_LEVEL = 0;
				GCC_PREPROCESSOR_DEFINITIONS = (
					"DEBUG=1",
					"$(inherited)",
				);
				GCC_WARN_64_TO_32_BIT_CONVERSION = YES;
				GCC_WARN_ABOUT_RETURN_TYPE = YES_ERROR;
				GCC_WARN_UNDECLARED_SELECTOR = YES;
				GCC_WARN_UNINITIALIZED_AUTOS = YES_AGGRESSIVE;
				GCC_WARN_UNUSED_FUNCTION = YES;
				GCC_WARN_UNUSED_VARIABLE = YES;
				IPHONEOS_DEPLOYMENT_TARGET = 17.5;
				LOCALIZATION_PREFERS_STRING_CATALOGS = YES;
				MTL_ENABLE_DEBUG_INFO = INCLUDE_SOURCE;
				MTL_FAST_MATH = YES;
				ONLY_ACTIVE_ARCH = YES;
				SDKROOT = iphoneos;
				SWIFT_ACTIVE_COMPILATION_CONDITIONS = "DEBUG $(inherited)";
				SWIFT_OPTIMIZATION_LEVEL = "-Onone";
			};
			name = Debug;
		};
		DF52E1952C47A2C500F33926 /* Release */ = {
			isa = XCBuildConfiguration;
			buildSettings = {
				ALWAYS_SEARCH_USER_PATHS = NO;
				ASSETCATALOG_COMPILER_GENERATE_SWIFT_ASSET_SYMBOL_EXTENSIONS = YES;
				CLANG_ANALYZER_NONNULL = YES;
				CLANG_ANALYZER_NUMBER_OBJECT_CONVERSION = YES_AGGRESSIVE;
				CLANG_CXX_LANGUAGE_STANDARD = "gnu++20";
				CLANG_ENABLE_MODULES = YES;
				CLANG_ENABLE_OBJC_ARC = YES;
				CLANG_ENABLE_OBJC_WEAK = YES;
				CLANG_WARN_BLOCK_CAPTURE_AUTORELEASING = YES;
				CLANG_WARN_BOOL_CONVERSION = YES;
				CLANG_WARN_COMMA = YES;
				CLANG_WARN_CONSTANT_CONVERSION = YES;
				CLANG_WARN_DEPRECATED_OBJC_IMPLEMENTATIONS = YES;
				CLANG_WARN_DIRECT_OBJC_ISA_USAGE = YES_ERROR;
				CLANG_WARN_DOCUMENTATION_COMMENTS = YES;
				CLANG_WARN_EMPTY_BODY = YES;
				CLANG_WARN_ENUM_CONVERSION = YES;
				CLANG_WARN_INFINITE_RECURSION = YES;
				CLANG_WARN_INT_CONVERSION = YES;
				CLANG_WARN_NON_LITERAL_NULL_CONVERSION = YES;
				CLANG_WARN_OBJC_IMPLICIT_RETAIN_SELF = YES;
				CLANG_WARN_OBJC_LITERAL_CONVERSION = YES;
				CLANG_WARN_OBJC_ROOT_CLASS = YES_ERROR;
				CLANG_WARN_QUOTED_INCLUDE_IN_FRAMEWORK_HEADER = YES;
				CLANG_WARN_RANGE_LOOP_ANALYSIS = YES;
				CLANG_WARN_STRICT_PROTOTYPES = YES;
				CLANG_WARN_SUSPICIOUS_MOVE = YES;
				CLANG_WARN_UNGUARDED_AVAILABILITY = YES_AGGRESSIVE;
				CLANG_WARN_UNREACHABLE_CODE = YES;
				CLANG_WARN__DUPLICATE_METHOD_MATCH = YES;
				COPY_PHASE_STRIP = NO;
				DEBUG_INFORMATION_FORMAT = "dwarf-with-dsym";
				ENABLE_NS_ASSERTIONS = NO;
				ENABLE_STRICT_OBJC_MSGSEND = YES;
				ENABLE_USER_SCRIPT_SANDBOXING = YES;
				GCC_C_LANGUAGE_STANDARD = gnu17;
				GCC_NO_COMMON_BLOCKS = YES;
				GCC_WARN_64_TO_32_BIT_CONVERSION = YES;
				GCC_WARN_ABOUT_RETURN_TYPE = YES_ERROR;
				GCC_WARN_UNDECLARED_SELECTOR = YES;
				GCC_WARN_UNINITIALIZED_AUTOS = YES_AGGRESSIVE;
				GCC_WARN_UNUSED_FUNCTION = YES;
				GCC_WARN_UNUSED_VARIABLE = YES;
				IPHONEOS_DEPLOYMENT_TARGET = 17.5;
				LOCALIZATION_PREFERS_STRING_CATALOGS = YES;
				MTL_ENABLE_DEBUG_INFO = NO;
				MTL_FAST_MATH = YES;
				SDKROOT = iphoneos;
				SWIFT_COMPILATION_MODE = wholemodule;
				VALIDATE_PRODUCT = YES;
			};
			name = Release;
		};
		DF52E1972C47A2C500F33926 /* Debug */ = {
			isa = XCBuildConfiguration;
			buildSettings = {
				ASSETCATALOG_COMPILER_APPICON_NAME = AppIcon;
				ASSETCATALOG_COMPILER_GLOBAL_ACCENT_COLOR_NAME = AccentColor;
				CODE_SIGN_STYLE = Automatic;
				CURRENT_PROJECT_VERSION = 1;
				DEVELOPMENT_ASSET_PATHS = "\"ExchangeRateCalculator/Preview Content\"";
				ENABLE_PREVIEWS = YES;
				GENERATE_INFOPLIST_FILE = YES;
				INFOPLIST_KEY_UIApplicationSceneManifest_Generation = YES;
				INFOPLIST_KEY_UIApplicationSupportsIndirectInputEvents = YES;
				INFOPLIST_KEY_UILaunchScreen_Generation = YES;
				INFOPLIST_KEY_UISupportedInterfaceOrientations_iPad = "UIInterfaceOrientationPortrait UIInterfaceOrientationPortraitUpsideDown UIInterfaceOrientationLandscapeLeft UIInterfaceOrientationLandscapeRight";
				INFOPLIST_KEY_UISupportedInterfaceOrientations_iPhone = "UIInterfaceOrientationPortrait UIInterfaceOrientationLandscapeLeft UIInterfaceOrientationLandscapeRight";
				LD_RUNPATH_SEARCH_PATHS = (
					"$(inherited)",
					"@executable_path/Frameworks",
				);
				MARKETING_VERSION = 1.0;
				PRODUCT_BUNDLE_IDENTIFIER = Project.Kyle.ExchangeRateCalculator;
				PRODUCT_NAME = "$(TARGET_NAME)";
				SWIFT_EMIT_LOC_STRINGS = YES;
				SWIFT_VERSION = 5.0;
				TARGETED_DEVICE_FAMILY = "1,2";
			};
			name = Debug;
		};
		DF52E1982C47A2C500F33926 /* Release */ = {
			isa = XCBuildConfiguration;
			buildSettings = {
				ASSETCATALOG_COMPILER_APPICON_NAME = AppIcon;
				ASSETCATALOG_COMPILER_GLOBAL_ACCENT_COLOR_NAME = AccentColor;
				CODE_SIGN_STYLE = Automatic;
				CURRENT_PROJECT_VERSION = 1;
				DEVELOPMENT_ASSET_PATHS = "\"ExchangeRateCalculator/Preview Content\"";
				ENABLE_PREVIEWS = YES;
				GENERATE_INFOPLIST_FILE = YES;
				INFOPLIST_KEY_UIApplicationSceneManifest_Generation = YES;
				INFOPLIST_KEY_UIApplicationSupportsIndirectInputEvents = YES;
				INFOPLIST_KEY_UILaunchScreen_Generation = YES;
				INFOPLIST_KEY_UISupportedInterfaceOrientations_iPad = "UIInterfaceOrientationPortrait UIInterfaceOrientationPortraitUpsideDown UIInterfaceOrientationLandscapeLeft UIInterfaceOrientationLandscapeRight";
				INFOPLIST_KEY_UISupportedInterfaceOrientations_iPhone = "UIInterfaceOrientationPortrait UIInterfaceOrientationLandscapeLeft UIInterfaceOrientationLandscapeRight";
				LD_RUNPATH_SEARCH_PATHS = (
					"$(inherited)",
					"@executable_path/Frameworks",
				);
				MARKETING_VERSION = 1.0;
				PRODUCT_BUNDLE_IDENTIFIER = Project.Kyle.ExchangeRateCalculator;
				PRODUCT_NAME = "$(TARGET_NAME)";
				SWIFT_EMIT_LOC_STRINGS = YES;
				SWIFT_VERSION = 5.0;
				TARGETED_DEVICE_FAMILY = "1,2";
			};
			name = Release;
		};
		DF52E19A2C47A2C500F33926 /* Debug */ = {
			isa = XCBuildConfiguration;
			buildSettings = {
				ALWAYS_EMBED_SWIFT_STANDARD_LIBRARIES = YES;
				BUNDLE_LOADER = "$(TEST_HOST)";
				CODE_SIGN_STYLE = Automatic;
				CURRENT_PROJECT_VERSION = 1;
				GENERATE_INFOPLIST_FILE = YES;
				IPHONEOS_DEPLOYMENT_TARGET = 17.5;
				MARKETING_VERSION = 1.0;
				PRODUCT_BUNDLE_IDENTIFIER = Project.Kyle.ExchangeRateCalculatorTests;
				PRODUCT_NAME = "$(TARGET_NAME)";
				SWIFT_EMIT_LOC_STRINGS = NO;
				SWIFT_VERSION = 5.0;
				TARGETED_DEVICE_FAMILY = "1,2";
				TEST_HOST = "$(BUILT_PRODUCTS_DIR)/ExchangeRateCalculator.app/$(BUNDLE_EXECUTABLE_FOLDER_PATH)/ExchangeRateCalculator";
			};
			name = Debug;
		};
		DF52E19B2C47A2C500F33926 /* Release */ = {
			isa = XCBuildConfiguration;
			buildSettings = {
				ALWAYS_EMBED_SWIFT_STANDARD_LIBRARIES = YES;
				BUNDLE_LOADER = "$(TEST_HOST)";
				CODE_SIGN_STYLE = Automatic;
				CURRENT_PROJECT_VERSION = 1;
				GENERATE_INFOPLIST_FILE = YES;
				IPHONEOS_DEPLOYMENT_TARGET = 17.5;
				MARKETING_VERSION = 1.0;
				PRODUCT_BUNDLE_IDENTIFIER = Project.Kyle.ExchangeRateCalculatorTests;
				PRODUCT_NAME = "$(TARGET_NAME)";
				SWIFT_EMIT_LOC_STRINGS = NO;
				SWIFT_VERSION = 5.0;
				TARGETED_DEVICE_FAMILY = "1,2";
				TEST_HOST = "$(BUILT_PRODUCTS_DIR)/ExchangeRateCalculator.app/$(BUNDLE_EXECUTABLE_FOLDER_PATH)/ExchangeRateCalculator";
			};
			name = Release;
		};
		DF52E19D2C47A2C500F33926 /* Debug */ = {
			isa = XCBuildConfiguration;
			buildSettings = {
				ALWAYS_EMBED_SWIFT_STANDARD_LIBRARIES = YES;
				CODE_SIGN_STYLE = Automatic;
				CURRENT_PROJECT_VERSION = 1;
				GENERATE_INFOPLIST_FILE = YES;
				MARKETING_VERSION = 1.0;
				PRODUCT_BUNDLE_IDENTIFIER = Project.Kyle.ExchangeRateCalculatorUITests;
				PRODUCT_NAME = "$(TARGET_NAME)";
				SWIFT_EMIT_LOC_STRINGS = NO;
				SWIFT_VERSION = 5.0;
				TARGETED_DEVICE_FAMILY = "1,2";
				TEST_TARGET_NAME = ExchangeRateCalculator;
			};
			name = Debug;
		};
		DF52E19E2C47A2C500F33926 /* Release */ = {
			isa = XCBuildConfiguration;
			buildSettings = {
				ALWAYS_EMBED_SWIFT_STANDARD_LIBRARIES = YES;
				CODE_SIGN_STYLE = Automatic;
				CURRENT_PROJECT_VERSION = 1;
				GENERATE_INFOPLIST_FILE = YES;
				MARKETING_VERSION = 1.0;
				PRODUCT_BUNDLE_IDENTIFIER = Project.Kyle.ExchangeRateCalculatorUITests;
				PRODUCT_NAME = "$(TARGET_NAME)";
				SWIFT_EMIT_LOC_STRINGS = NO;
				SWIFT_VERSION = 5.0;
				TARGETED_DEVICE_FAMILY = "1,2";
				TEST_TARGET_NAME = ExchangeRateCalculator;
			};
			name = Release;
		};
/* End XCBuildConfiguration section */

/* Begin XCConfigurationList section */
		DF52E16D2C47A2C400F33926 /* Build configuration list for PBXProject "ExchangeRateCalculator" */ = {
			isa = XCConfigurationList;
			buildConfigurations = (
				DF52E1942C47A2C500F33926 /* Debug */,
				DF52E1952C47A2C500F33926 /* Release */,
			);
			defaultConfigurationIsVisible = 0;
			defaultConfigurationName = Release;
		};
		DF52E1962C47A2C500F33926 /* Build configuration list for PBXNativeTarget "ExchangeRateCalculator" */ = {
			isa = XCConfigurationList;
			buildConfigurations = (
				DF52E1972C47A2C500F33926 /* Debug */,
				DF52E1982C47A2C500F33926 /* Release */,
			);
			defaultConfigurationIsVisible = 0;
			defaultConfigurationName = Release;
		};
		DF52E1992C47A2C500F33926 /* Build configuration list for PBXNativeTarget "ExchangeRateCalculatorTests" */ = {
			isa = XCConfigurationList;
			buildConfigurations = (
				DF52E19A2C47A2C500F33926 /* Debug */,
				DF52E19B2C47A2C500F33926 /* Release */,
			);
			defaultConfigurationIsVisible = 0;
			defaultConfigurationName = Release;
		};
		DF52E19C2C47A2C500F33926 /* Build configuration list for PBXNativeTarget "ExchangeRateCalculatorUITests" */ = {
			isa = XCConfigurationList;
			buildConfigurations = (
				DF52E19D2C47A2C500F33926 /* Debug */,
				DF52E19E2C47A2C500F33926 /* Release */,
			);
			defaultConfigurationIsVisible = 0;
			defaultConfigurationName = Release;
		};
/* End XCConfigurationList section */
	};
	rootObject = DF52E16A2C47A2C400F33926 /* Project object */;
}
